NeoBundleLock CSApprox a2958096696f9132ef0ece44b3fab93dac6df8d0
NeoBundleLock HTML-AutoCloseTag c2f6f59cf5c08dd487ef361f93ba09317a840e25
NeoBundleLock c.vim 69f0368c7d8dac196bd94ddfa80d98b1cedc7eb0
NeoBundleLock ctrlp.vim 58247bdf8550879e183c13860eefa03983959e4a
NeoBundleLock elixir-snippets 1bc7619f9cb87ab8472ce32437b4cb00888581c8
NeoBundleLock emmet-vim abdf10e91c9227f282bd6e635e491beda6719166
NeoBundleLock grep.vim 852ddb0c6590bbc41c508d7f5d2fc17112492def
NeoBundleLock indentLine 300c719b3e0348a65457109386ded3f32f7cd319
NeoBundleLock molokai db8ce13b3737d3ddea8368498183d7c204a762eb
NeoBundleLock neobundle.vim 6b656b3947b9583534ae5f18b42976eac86204d6
NeoBundleLock nerdtree 0b44415a3302030b56755cc1135ca9ca57dc1ada
NeoBundleLock perlomni.vim 60b39ac6cd59ff14022fc024f1f0a7121a93c952
NeoBundleLock syntastic 7e26d3589ab414155dff2c362a07e9e8bb970823
NeoBundleLock tagbar 7b36c46d17d57db34fdb0adac9ba6382d0bb5e66
NeoBundleLock ultisnips e1e005a810edc7b1c13b5095fe3ab7ce2600b0cb
NeoBundleLock unite.vim 21b6c8846b4c8fb62761e1470cbad8d2fc08ce6c
NeoBundleLock vim-airline cc23d65af7a6ab2396bd95e91fd15d9c641aaa09
NeoBundleLock vim-bootstrap-updater 83f1e75acb63ef72f987c0fb72a9dcb3b3d76168
NeoBundleLock vim-coloresque 0c21b1469993e610600e88e734ffe90b9c10a514
NeoBundleLock vim-commentary e0f4850d78137a35b9461c530078bd77f39e4dce
NeoBundleLock vim-css3-syntax 9e0ef247ced9c0a0177e20d37c944d65b5977f38
NeoBundleLock vim-elixir f2c747da5edd92c8430b9f1fdfe117467cf1551e
NeoBundleLock vim-fugitive 0b43b51d7785aeb4002b45ca49cea5aef0d2e988
NeoBundleLock vim-gitgutter 1067294cdc379be1deb56074a093b49a8303308f
NeoBundleLock vim-go 1792ee374ba8d384cd547506cbf8f43690d1d55f
NeoBundleLock vim-haml 204e32721154766e03e99ff857bc798aa5b741dc
NeoBundleLock vim-misc 3e6b8fb6f03f13434543ce1f5d24f6a5d3f34f0b
NeoBundleLock vim-perl 5df54184b9cf772527592e9db90b2ce7e4ca3a05
NeoBundleLock vim-polyglot 67fcbd2a8632d5ab7895e34acb084117e5d0ea17
NeoBundleLock vim-projectionist 372d529d22ac6d2952472438157ee03b7a3fd8ae
NeoBundleLock vim-rails b07208e63e45a9780292bd2af9e45dae358ce24f
NeoBundleLock vim-rake 82ad45543f0d13dfa7d3f59ca4cd54d0e145417f
NeoBundleLock vim-rspec 2cf8c5002cb89eb8e9aabe59d25b89dc5afec88a
NeoBundleLock vim-session 397d6378431eb6a9caa56991591e88a3d5d53f68
NeoBundleLock vim-snippets eb17eb104bf39812658db504cb9bd13106a17dee
NeoBundleLock vimerl 536f7e265449b2609d217da4193f2e4060e6b728
NeoBundleLock vimfiler.vim 3d8005116768ec97d300309be3cb339580e7e14b
NeoBundleLock vimproc.vim 3134f1258de30a4eb7a3b1aeee90628a7f0c3a2a
NeoBundleLock vimshell.vim a1f9a2010bea4b109341f1e2411a32839a8547b3
